# The library commit whose plugin/hooks/ tree this plugin vendors.
# CI diffs plugin/hooks against that SHA byte for byte, with no transforms at all --
# unlike skill.lock, which allows exactly one line. hooks.json is the one exception: it is
# GENERATED from the record host= names, and has its own guard.
repo=memvara/memvara
sha=eb25ea028e9f70372d2da7903215636a40df320a
path=plugin/hooks
host=copilot
